// !$*UTF8*$!
{
	archiveVersion = 1;
	classes = {
	};
	objectVersion = 48;
	objects = {

/* Begin PBXBuildFile section */
		FD00DDAF20B7F4C40000BD2E /* Extensions.swift in Sources */ = {isa = PBXBuildFile; fileRef = FD00DDAE20B7F4C40000BD2E /* Extensions.swift */; };
		FD05BE1B209DD85900907338 /* ClassesAndStructures.swift in Sources */ = {isa = PBXBuildFile; fileRef = FD05BE1A209DD85900907338 /* ClassesAndStructures.swift */; };
		FD06782C2090B897009C477F /* ControlFlow.swift in Sources */ = {isa = PBXBuildFile; fileRef = FD06782B2090B897009C477F /* ControlFlow.swift */; };
		FD069D452088CD27009938E5 /* BasicOperators.swift in Sources */ = {isa = PBXBuildFile; fileRef = FD069D442088CD27009938E5 /* BasicOperators.swift */; };
		FD0CD85020A86913006E5D16 /* Initialization.swift in Sources */ = {isa = PBXBuildFile; fileRef = FD0CD84F20A86913006E5D16 /* Initialization.swift */; };
		FD0F984020B591CD000B1412 /* TypeCasting.swift in Sources */ = {isa = PBXBuildFile; fileRef = FD0F983F20B591CD000B1412 /* TypeCasting.swift */; };
		FD235788207E49CB000D1C75 /* AppDelegate.swift in Sources */ = {isa = PBXBuildFile; fileRef = FD235787207E49CB000D1C75 /* AppDelegate.swift */; };
		FD23578A207E49CB000D1C75 /* ViewController.swift in Sources */ = {isa = PBXBuildFile; fileRef = FD235789207E49CB000D1C75 /* ViewController.swift */; };
		FD23578D207E49CB000D1C75 /* Main.storyboard in Resources */ = {isa = PBXBuildFile; fileRef = FD23578B207E49CB000D1C75 /* Main.storyboard */; };
		FD23578F207E49CB000D1C75 /* Assets.xcassets in Resources */ = {isa = PBXBuildFile; fileRef = FD23578E207E49CB000D1C75 /* Assets.xcassets */; };
		FD235792207E49CB000D1C75 /* LaunchScreen.storyboard in Resources */ = {isa = PBXBuildFile; fileRef = FD235790207E49CB000D1C75 /* LaunchScreen.storyboard */; };
		FD23579D207E49CB000D1C75 /* SwiftDemoTests.swift in Sources */ = {isa = PBXBuildFile; fileRef = FD23579C207E49CB000D1C75 /* SwiftDemoTests.swift */; };
		FD2357A8207E49CB000D1C75 /* SwiftDemoUITests.swift in Sources */ = {isa = PBXBuildFile; fileRef = FD2357A7207E49CB000D1C75 /* SwiftDemoUITests.swift */; };
		FD2357B7207E4DC7000D1C75 /* TheBasic.swift in Sources */ = {isa = PBXBuildFile; fileRef = FD2357B6207E4DC7000D1C75 /* TheBasic.swift */; };
		FD29C0F1209214C300E8CA59 /* Functions.swift in Sources */ = {isa = PBXBuildFile; fileRef = FD29C0F0209214C300E8CA59 /* Functions.swift */; };
		FD2EB4D620A335E10013255E /* Subscripts.swift in Sources */ = {isa = PBXBuildFile; fileRef = FD2EB4D520A335E10013255E /* Subscripts.swift */; };
		FD3DAF3B20B99D8D00984704 /* Protocols.swift in Sources */ = {isa = PBXBuildFile; fileRef = FD3DAF3A20B99D8D00984704 /* Protocols.swift */; };
		FD49F23620B6C11800BC8864 /* NestedTypes.swift in Sources */ = {isa = PBXBuildFile; fileRef = FD49F23520B6C11800BC8864 /* NestedTypes.swift */; };
		FD4C20E820A7128E00B21393 /* Inheritance.swift in Sources */ = {isa = PBXBuildFile; fileRef = FD4C20E720A7128E00B21393 /* Inheritance.swift */; };
		FD515F1A20A08C3A00CAA959 /* Methods.swift in Sources */ = {isa = PBXBuildFile; fileRef = FD515F1920A08C3A00CAA959 /* Methods.swift */; };
		FD5322DC20AEB388005F5374 /* OptionalChaining.swift in Sources */ = {isa = PBXBuildFile; fileRef = FD5322DB20AEB388005F5374 /* OptionalChaining.swift */; };
		FD57E862208F6A1500A021AC /* CollectionTypes.swift in Sources */ = {isa = PBXBuildFile; fileRef = FD57E861208F6A1500A021AC /* CollectionTypes.swift */; };
		FD65A85F209B3D6900869121 /* Enumerations.swift in Sources */ = {isa = PBXBuildFile; fileRef = FD65A85E209B3D6900869121 /* Enumerations.swift */; };
		FD78723D208B7F2900E16926 /* StringsAndCharacters.swift in Sources */ = {isa = PBXBuildFile; fileRef = FD78723C208B7F2900E16926 /* StringsAndCharacters.swift */; };
		FDAEC6AF20B3035900F74325 /* ErrorHandling.swift in Sources */ = {isa = PBXBuildFile; fileRef = FDAEC6AE20B3035900F74325 /* ErrorHandling.swift */; };
		FDB7F77E209366F300B75623 /* Closures.swift in Sources */ = {isa = PBXBuildFile; fileRef = FDB7F77D209366F300B75623 /* Closures.swift */; };
		FDBF8CC720ADA19A00753110 /* Deinitialization.swift in Sources */ = {isa = PBXBuildFile; fileRef = FDBF8CC620ADA19A00753110 /* Deinitialization.swift */; };
		FDEABE7E209F324700280872 /* Properties.swift in Sources */ = {isa = PBXBuildFile; fileRef = FDEABE7D209F324700280872 /* Properties.swift */; };
/* End PBXBuildFile section */

/* Begin PBXContainerItemProxy section */
		FD235799207E49CB000D1C75 /* PBXContainerItemProxy */ = {
			isa = PBXContainerItemProxy;
			containerPortal = FD23577C207E49CB000D1C75 /* Project object */;
			proxyType = 1;
			remoteGlobalIDString = FD235783207E49CB000D1C75;
			remoteInfo = SwiftDemo;
		};
		FD2357A4207E49CB000D1C75 /* PBXContainerItemProxy */ = {
			isa = PBXContainerItemProxy;
			containerPortal = FD23577C207E49CB000D1C75 /* Project object */;
			proxyType = 1;
			remoteGlobalIDString = FD235783207E49CB000D1C75;
			remoteInfo = SwiftDemo;
		};
/* End PBXContainerItemProxy section */

/* Begin PBXFileReference section */
		FD00DDAE20B7F4C40000BD2E /* Extensions.swift */ = {isa = PBXFileReference; lastKnownFileType = sourcecode.swift; path = Extensions.swift; sourceTree = "<group>"; };
		FD05BE1A209DD85900907338 /* ClassesAndStructures.swift */ = {isa = PBXFileReference; lastKnownFileType = sourcecode.swift; path = ClassesAndStructures.swift; sourceTree = "<group>"; };
		FD06782B2090B897009C477F /* ControlFlow.swift */ = {isa = PBXFileReference; lastKnownFileType = sourcecode.swift; path = ControlFlow.swift; sourceTree = "<group>"; };
		FD069D442088CD27009938E5 /* BasicOperators.swift */ = {isa = PBXFileReference; lastKnownFileType = sourcecode.swift; path = BasicOperators.swift; sourceTree = "<group>"; };
		FD0CD84F20A86913006E5D16 /* Initialization.swift */ = {isa = PBXFileReference; lastKnownFileType = sourcecode.swift; path = Initialization.swift; sourceTree = "<group>"; };
		FD0F983F20B591CD000B1412 /* TypeCasting.swift */ = {isa = PBXFileReference; lastKnownFileType = sourcecode.swift; path = TypeCasting.swift; sourceTree = "<group>"; };
		FD235784207E49CB000D1C75 /* SwiftDemo.app */ = {isa = PBXFileReference; explicitFileType = wrapper.application; includeInIndex = 0; path = SwiftDemo.app; sourceTree = BUILT_PRODUCTS_DIR; };
		FD235787207E49CB000D1C75 /* AppDelegate.swift */ = {isa = PBXFileReference; lastKnownFileType = sourcecode.swift; path = AppDelegate.swift; sourceTree = "<group>"; };
		FD235789207E49CB000D1C75 /* ViewController.swift */ = {isa = PBXFileReference; lastKnownFileType = sourcecode.swift; path = ViewController.swift; sourceTree = "<group>"; };
		FD23578C207E49CB000D1C75 /* Base */ = {isa = PBXFileReference; lastKnownFileType = file.storyboard; name = Base; path = Base.lproj/Main.storyboard; sourceTree = "<group>"; };
		FD23578E207E49CB000D1C75 /* Assets.xcassets */ = {isa = PBXFileReference; lastKnownFileType = folder.assetcatalog; path = Assets.xcassets; sourceTree = "<group>"; };
		FD235791207E49CB000D1C75 /* Base */ = {isa = PBXFileReference; lastKnownFileType = file.storyboard; name = Base; path = Base.lproj/LaunchScreen.storyboard; sourceTree = "<group>"; };
		FD235793207E49CB000D1C75 /* Info.plist */ = {isa = PBXFileReference; lastKnownFileType = text.plist.xml; path = Info.plist; sourceTree = "<group>"; };
		FD235798207E49CB000D1C75 /* SwiftDemoTests.xctest */ = {isa = PBXFileReference; explicitFileType = wrapper.cfbundle; includeInIndex = 0; path = SwiftDemoTests.xctest; sourceTree = BUILT_PRODUCTS_DIR; };
		FD23579C207E49CB000D1C75 /* SwiftDemoTests.swift */ = {isa = PBXFileReference; lastKnownFileType = sourcecode.swift; path = SwiftDemoTests.swift; sourceTree = "<group>"; };
		FD23579E207E49CB000D1C75 /* Info.plist */ = {isa = PBXFileReference; lastKnownFileType = text.plist.xml; path = Info.plist; sourceTree = "<group>"; };
		FD2357A3207E49CB000D1C75 /* SwiftDemoUITests.xctest */ = {isa = PBXFileReference; explicitFileType = wrapper.cfbundle; includeInIndex = 0; path = SwiftDemoUITests.xctest; sourceTree = BUILT_PRODUCTS_DIR; };
		FD2357A7207E49CB000D1C75 /* SwiftDemoUITests.swift */ = {isa = PBXFileReference; lastKnownFileType = sourcecode.swift; path = SwiftDemoUITests.swift; sourceTree = "<group>"; };
		FD2357A9207E49CB000D1C75 /* Info.plist */ = {isa = PBXFileReference; lastKnownFileType = text.plist.xml; path = Info.plist; sourceTree = "<group>"; };
		FD2357B6207E4DC7000D1C75 /* TheBasic.swift */ = {isa = PBXFileReference; lastKnownFileType = sourcecode.swift; path = TheBasic.swift; sourceTree = "<group>"; };
		FD29C0F0209214C300E8CA59 /* Functions.swift */ = {isa = PBXFileReference; lastKnownFileType = sourcecode.swift; path = Functions.swift; sourceTree = "<group>"; };
		FD2EB4D520A335E10013255E /* Subscripts.swift */ = {isa = PBXFileReference; lastKnownFileType = sourcecode.swift; path = Subscripts.swift; sourceTree = "<group>"; };
		FD3DAF3A20B99D8D00984704 /* Protocols.swift */ = {isa = PBXFileReference; lastKnownFileType = sourcecode.swift; path = Protocols.swift; sourceTree = "<group>"; };
		FD49F23520B6C11800BC8864 /* NestedTypes.swift */ = {isa = PBXFileReference; lastKnownFileType = sourcecode.swift; path = NestedTypes.swift; sourceTree = "<group>"; };
		FD4C20E720A7128E00B21393 /* Inheritance.swift */ = {isa = PBXFileReference; lastKnownFileType = sourcecode.swift; path = Inheritance.swift; sourceTree = "<group>"; };
		FD515F1920A08C3A00CAA959 /* Methods.swift */ = {isa = PBXFileReference; lastKnownFileType = sourcecode.swift; path = Methods.swift; sourceTree = "<group>"; };
		FD5322DB20AEB388005F5374 /* OptionalChaining.swift */ = {isa = PBXFileReference; lastKnownFileType = sourcecode.swift; path = OptionalChaining.swift; sourceTree = "<group>"; };
		FD57E861208F6A1500A021AC /* CollectionTypes.swift */ = {isa = PBXFileReference; lastKnownFileType = sourcecode.swift; path = CollectionTypes.swift; sourceTree = "<group>"; };
		FD65A85E209B3D6900869121 /* Enumerations.swift */ = {isa = PBXFileReference; lastKnownFileType = sourcecode.swift; path = Enumerations.swift; sourceTree = "<group>"; };
		FD78723C208B7F2900E16926 /* StringsAndCharacters.swift */ = {isa = PBXFileReference; lastKnownFileType = sourcecode.swift; path = StringsAndCharacters.swift; sourceTree = "<group>"; };
		FDAEC6AE20B3035900F74325 /* ErrorHandling.swift */ = {isa = PBXFileReference; lastKnownFileType = sourcecode.swift; path = ErrorHandling.swift; sourceTree = "<group>"; };
		FDB7F77D209366F300B75623 /* Closures.swift */ = {isa = PBXFileReference; lastKnownFileType = sourcecode.swift; path = Closures.swift; sourceTree = "<group>"; };
		FDBF8CC620ADA19A00753110 /* Deinitialization.swift */ = {isa = PBXFileReference; lastKnownFileType = sourcecode.swift; path = Deinitialization.swift; sourceTree = "<group>"; };
		FDEABE7D209F324700280872 /* Properties.swift */ = {isa = PBXFileReference; lastKnownFileType = sourcecode.swift; path = Properties.swift; sourceTree = "<group>"; };
/* End PBXFileReference section */

/* Begin PBXFrameworksBuildPhase section */
		FD235781207E49CB000D1C75 /* Frameworks */ = {
			isa = PBXFrameworksBuildPhase;
			buildActionMask = 2147483647;
			files = (
			);
			runOnlyForDeploymentPostprocessing = 0;
		};
		FD235795207E49CB000D1C75 /* Frameworks */ = {
			isa = PBXFrameworksBuildPhase;
			buildActionMask = 2147483647;
			files = (
			);
			runOnlyForDeploymentPostprocessing = 0;
		};
		FD2357A0207E49CB000D1C75 /* Frameworks */ = {
			isa = PBXFrameworksBuildPhase;
			buildActionMask = 2147483647;
			files = (
			);
			runOnlyForDeploymentPostprocessing = 0;
		};
/* End PBXFrameworksBuildPhase section */

/* Begin PBXGroup section */
		FD23577B207E49CB000D1C75 = {
			isa = PBXGroup;
			children = (
				FD235786207E49CB000D1C75 /* SwiftDemo */,
				FD23579B207E49CB000D1C75 /* SwiftDemoTests */,
				FD2357A6207E49CB000D1C75 /* SwiftDemoUITests */,
				FD235785207E49CB000D1C75 /* Products */,
			);
			sourceTree = "<group>";
		};
		FD235785207E49CB000D1C75 /* Products */ = {
			isa = PBXGroup;
			children = (
				FD235784207E49CB000D1C75 /* SwiftDemo.app */,
				FD235798207E49CB000D1C75 /* SwiftDemoTests.xctest */,
				FD2357A3207E49CB000D1C75 /* SwiftDemoUITests.xctest */,
			);
			name = Products;
			sourceTree = "<group>";
		};
		FD235786207E49CB000D1C75 /* SwiftDemo */ = {
			isa = PBXGroup;
			children = (
				FD2357B5207E4D4F000D1C75 /* SwiftGuide */,
				FD235787207E49CB000D1C75 /* AppDelegate.swift */,
				FD235789207E49CB000D1C75 /* ViewController.swift */,
				FD23578B207E49CB000D1C75 /* Main.storyboard */,
				FD23578E207E49CB000D1C75 /* Assets.xcassets */,
				FD235790207E49CB000D1C75 /* LaunchScreen.storyboard */,
				FD235793207E49CB000D1C75 /* Info.plist */,
			);
			path = SwiftDemo;
			sourceTree = "<group>";
		};
		FD23579B207E49CB000D1C75 /* SwiftDemoTests */ = {
			isa = PBXGroup;
			children = (
				FD23579C207E49CB000D1C75 /* SwiftDemoTests.swift */,
				FD23579E207E49CB000D1C75 /* Info.plist */,
			);
			path = SwiftDemoTests;
			sourceTree = "<group>";
		};
		FD2357A6207E49CB000D1C75 /* SwiftDemoUITests */ = {
			isa = PBXGroup;
			children = (
				FD2357A7207E49CB000D1C75 /* SwiftDemoUITests.swift */,
				FD2357A9207E49CB000D1C75 /* Info.plist */,
			);
			path = SwiftDemoUITests;
			sourceTree = "<group>";
		};
		FD2357B5207E4D4F000D1C75 /* SwiftGuide */ = {
			isa = PBXGroup;
			children = (
				FD2357B6207E4DC7000D1C75 /* TheBasic.swift */,
				FD069D442088CD27009938E5 /* BasicOperators.swift */,
				FD78723C208B7F2900E16926 /* StringsAndCharacters.swift */,
				FD57E861208F6A1500A021AC /* CollectionTypes.swift */,
				FD06782B2090B897009C477F /* ControlFlow.swift */,
				FD29C0F0209214C300E8CA59 /* Functions.swift */,
				FDB7F77D209366F300B75623 /* Closures.swift */,
				FD65A85E209B3D6900869121 /* Enumerations.swift */,
				FD05BE1A209DD85900907338 /* ClassesAndStructures.swift */,
				FDEABE7D209F324700280872 /* Properties.swift */,
				FD515F1920A08C3A00CAA959 /* Methods.swift */,
				FD2EB4D520A335E10013255E /* Subscripts.swift */,
				FD4C20E720A7128E00B21393 /* Inheritance.swift */,
				FD0CD84F20A86913006E5D16 /* Initialization.swift */,
				FDBF8CC620ADA19A00753110 /* Deinitialization.swift */,
				FD5322DB20AEB388005F5374 /* OptionalChaining.swift */,
				FDAEC6AE20B3035900F74325 /* ErrorHandling.swift */,
				FD0F983F20B591CD000B1412 /* TypeCasting.swift */,
				FD49F23520B6C11800BC8864 /* NestedTypes.swift */,
				FD00DDAE20B7F4C40000BD2E /* Extensions.swift */,
				FD3DAF3A20B99D8D00984704 /* Protocols.swift */,
			);
			path = SwiftGuide;
			sourceTree = "<group>";
		};
/* End PBXGroup section */

/* Begin PBXNativeTarget section */
		FD235783207E49CB000D1C75 /* SwiftDemo */ = {
			isa = PBXNativeTarget;
			buildConfigurationList = FD2357AC207E49CB000D1C75 /* Build configuration list for PBXNativeTarget "SwiftDemo" */;
			buildPhases = (
				FD235780207E49CB000D1C75 /* Sources */,
				FD235781207E49CB000D1C75 /* Frameworks */,
				FD235782207E49CB000D1C75 /* Resources */,
			);
			buildRules = (
			);
			dependencies = (
			);
			name = SwiftDemo;
			productName = SwiftDemo;
			productReference = FD235784207E49CB000D1C75 /* SwiftDemo.app */;
			productType = "com.apple.product-type.application";
		};
		FD235797207E49CB000D1C75 /* SwiftDemoTests */ = {
			isa = PBXNativeTarget;
			buildConfigurationList = FD2357AF207E49CB000D1C75 /* Build configuration list for PBXNativeTarget "SwiftDemoTests" */;
			buildPhases = (
				FD235794207E49CB000D1C75 /* Sources */,
				FD235795207E49CB000D1C75 /* Frameworks */,
				FD235796207E49CB000D1C75 /* Resources */,
			);
			buildRules = (
			);
			dependencies = (
				FD23579A207E49CB000D1C75 /* PBXTargetDependency */,
			);
			name = SwiftDemoTests;
			productName = SwiftDemoTests;
			productReference = FD235798207E49CB000D1C75 /* SwiftDemoTests.xctest */;
			productType = "com.apple.product-type.bundle.unit-test";
		};
		FD2357A2207E49CB000D1C75 /* SwiftDemoUITests */ = {
			isa = PBXNativeTarget;
			buildConfigurationList = FD2357B2207E49CB000D1C75 /* Build configuration list for PBXNativeTarget "SwiftDemoUITests" */;
			buildPhases = (
				FD23579F207E49CB000D1C75 /* Sources */,
				FD2357A0207E49CB000D1C75 /* Frameworks */,
				FD2357A1207E49CB000D1C75 /* Resources */,
			);
			buildRules = (
			);
			dependencies = (
				FD2357A5207E49CB000D1C75 /* PBXTargetDependency */,
			);
			name = SwiftDemoUITests;
			productName = SwiftDemoUITests;
			productReference = FD2357A3207E49CB000D1C75 /* SwiftDemoUITests.xctest */;
			productType = "com.apple.product-type.bundle.ui-testing";
		};
/* End PBXNativeTarget section */

/* Begin PBXProject section */
		FD23577C207E49CB000D1C75 /* Project object */ = {
			isa = PBXProject;
			attributes = {
				LastSwiftUpdateCheck = 0900;
				LastUpgradeCheck = 0900;
				ORGANIZATIONNAME = "情风";
				TargetAttributes = {
					FD235783207E49CB000D1C75 = {
						CreatedOnToolsVersion = 9.0;
						ProvisioningStyle = Automatic;
					};
					FD235797207E49CB000D1C75 = {
						CreatedOnToolsVersion = 9.0;
						ProvisioningStyle = Automatic;
						TestTargetID = FD235783207E49CB000D1C75;
					};
					FD2357A2207E49CB000D1C75 = {
						CreatedOnToolsVersion = 9.0;
						ProvisioningStyle = Automatic;
						TestTargetID = FD235783207E49CB000D1C75;
					};
				};
			};
			buildConfigurationList = FD23577F207E49CB000D1C75 /* Build configuration list for PBXProject "SwiftDemo" */;
			compatibilityVersion = "Xcode 8.0";
			developmentRegion = en;
			hasScannedForEncodings = 0;
			knownRegions = (
				en,
				Base,
			);
			mainGroup = FD23577B207E49CB000D1C75;
			productRefGroup = FD235785207E49CB000D1C75 /* Products */;
			projectDirPath = "";
			projectRoot = "";
			targets = (
				FD235783207E49CB000D1C75 /* SwiftDemo */,
				FD235797207E49CB000D1C75 /* SwiftDemoTests */,
				FD2357A2207E49CB000D1C75 /* SwiftDemoUITests */,
			);
		};
/* End PBXProject section */

/* Begin PBXResourcesBuildPhase section */
		FD235782207E49CB000D1C75 /* Resources */ = {
			isa = PBXResourcesBuildPhase;
			buildActionMask = 2147483647;
			files = (
				FD235792207E49CB000D1C75 /* LaunchScreen.storyboard in Resources */,
				FD23578F207E49CB000D1C75 /* Assets.xcassets in Resources */,
				FD23578D207E49CB000D1C75 /* Main.storyboard in Resources */,
			);
			runOnlyForDeploymentPostprocessing = 0;
		};
		FD235796207E49CB000D1C75 /* Resources */ = {
			isa = PBXResourcesBuildPhase;
			buildActionMask = 2147483647;
			files = (
			);
			runOnlyForDeploymentPostprocessing = 0;
		};
		FD2357A1207E49CB000D1C75 /* Resources */ = {
			isa = PBXResourcesBuildPhase;
			buildActionMask = 2147483647;
			files = (
			);
			runOnlyForDeploymentPostprocessing = 0;
		};
/* End PBXResourcesBuildPhase section */

/* Begin PBXSourcesBuildPhase section */
		FD235780207E49CB000D1C75 /* Sources */ = {
			isa = PBXSourcesBuildPhase;
			buildActionMask = 2147483647;
			files = (
				FDEABE7E209F324700280872 /* Properties.swift in Sources */,
				FD3DAF3B20B99D8D00984704 /* Protocols.swift in Sources */,
				FD069D452088CD27009938E5 /* BasicOperators.swift in Sources */,
				FD4C20E820A7128E00B21393 /* Inheritance.swift in Sources */,
				FD49F23620B6C11800BC8864 /* NestedTypes.swift in Sources */,
				FD23578A207E49CB000D1C75 /* ViewController.swift in Sources */,
				FDB7F77E209366F300B75623 /* Closures.swift in Sources */,
				FD65A85F209B3D6900869121 /* Enumerations.swift in Sources */,
				FD2357B7207E4DC7000D1C75 /* TheBasic.swift in Sources */,
				FDAEC6AF20B3035900F74325 /* ErrorHandling.swift in Sources */,
				FD00DDAF20B7F4C40000BD2E /* Extensions.swift in Sources */,
				FD0CD85020A86913006E5D16 /* Initialization.swift in Sources */,
				FD29C0F1209214C300E8CA59 /* Functions.swift in Sources */,
				FDBF8CC720ADA19A00753110 /* Deinitialization.swift in Sources */,
				FD0F984020B591CD000B1412 /* TypeCasting.swift in Sources */,
				FD5322DC20AEB388005F5374 /* OptionalChaining.swift in Sources */,
				FD57E862208F6A1500A021AC /* CollectionTypes.swift in Sources */,
				FD78723D208B7F2900E16926 /* StringsAndCharacters.swift in Sources */,
				FD2EB4D620A335E10013255E /* Subscripts.swift in Sources */,
				FD235788207E49CB000D1C75 /* AppDelegate.swift in Sources */,
				FD05BE1B209DD85900907338 /* ClassesAndStructures.swift in Sources */,
				FD515F1A20A08C3A00CAA959 /* Methods.swift in Sources */,
				FD06782C2090B897009C477F /* ControlFlow.swift in Sources */,
			);
			runOnlyForDeploymentPostprocessing = 0;
		};
		FD235794207E49CB000D1C75 /* Sources */ = {
			isa = PBXSourcesBuildPhase;
			buildActionMask = 2147483647;
			files = (
				FD23579D207E49CB000D1C75 /* SwiftDemoTests.swift in Sources */,
			);
			runOnlyForDeploymentPostprocessing = 0;
		};
		FD23579F207E49CB000D1C75 /* Sources */ = {
			isa = PBXSourcesBuildPhase;
			buildActionMask = 2147483647;
			files = (
				FD2357A8207E49CB000D1C75 /* SwiftDemoUITests.swift in Sources */,
			);
			runOnlyForDeploymentPostprocessing = 0;
		};
/* End PBXSourcesBuildPhase section */

/* Begin PBXTargetDependency section */
		FD23579A207E49CB000D1C75 /* PBXTargetDependency */ = {
			isa = PBXTargetDependency;
			target = FD235783207E49CB000D1C75 /* SwiftDemo */;
			targetProxy = FD235799207E49CB000D1C75 /* PBXContainerItemProxy */;
		};
		FD2357A5207E49CB000D1C75 /* PBXTargetDependency */ = {
			isa = PBXTargetDependency;
			target = FD235783207E49CB000D1C75 /* SwiftDemo */;
			targetProxy = FD2357A4207E49CB000D1C75 /* PBXContainerItemProxy */;
		};
/* End PBXTargetDependency section */

/* Begin PBXVariantGroup section */
		FD23578B207E49CB000D1C75 /* Main.storyboard */ = {
			isa = PBXVariantGroup;
			children = (
				FD23578C207E49CB000D1C75 /* Base */,
			);
			name = Main.storyboard;
			sourceTree = "<group>";
		};
		FD235790207E49CB000D1C75 /* LaunchScreen.storyboard */ = {
			isa = PBXVariantGroup;
			children = (
				FD235791207E49CB000D1C75 /* Base */,
			);
			name = LaunchScreen.storyboard;
			sourceTree = "<group>";
		};
/* End PBXVariantGroup section */

/* Begin XCBuildConfiguration section */
		FD2357AA207E49CB000D1C75 /* Debug */ = {
			isa = XCBuildConfiguration;
			buildSettings = {
				ALWAYS_SEARCH_USER_PATHS = NO;
				CLANG_ANALYZER_NONNULL = YES;
				CLANG_ANALYZER_NUMBER_OBJECT_CONVERSION = YES_AGGRESSIVE;
				CLANG_CXX_LANGUAGE_STANDARD = "gnu++14";
				CLANG_CXX_LIBRARY = "libc++";
				CLANG_ENABLE_MODULES = YES;
				CLANG_ENABLE_OBJC_ARC = YES;
				CLANG_WARN_BLOCK_CAPTURE_AUTORELEASING = YES;
				CLANG_WARN_BOOL_CONVERSION = YES;
				CLANG_WARN_COMMA = YES;
				CLANG_WARN_CONSTANT_CONVERSION = YES;
				CLANG_WARN_DIRECT_OBJC_ISA_USAGE = YES_ERROR;
				CLANG_WARN_DOCUMENTATION_COMMENTS = YES;
				CLANG_WARN_EMPTY_BODY = YES;
				CLANG_WARN_ENUM_CONVERSION = YES;
				CLANG_WARN_INFINITE_RECURSION = YES;
				CLANG_WARN_INT_CONVERSION = YES;
				CLANG_WARN_NON_LITERAL_NULL_CONVERSION = YES;
				CLANG_WARN_OBJC_LITERAL_CONVERSION = YES;
				CLANG_WARN_OBJC_ROOT_CLASS = YES_ERROR;
				CLANG_WARN_RANGE_LOOP_ANALYSIS = YES;
				CLANG_WARN_STRICT_PROTOTYPES = YES;
				CLANG_WARN_SUSPICIOUS_MOVE = YES;
				CLANG_WARN_UNGUARDED_AVAILABILITY = YES_AGGRESSIVE;
				CLANG_WARN_UNREACHABLE_CODE = YES;
				CLANG_WARN__DUPLICATE_METHOD_MATCH = YES;
				CODE_SIGN_IDENTITY = "iPhone Developer";
				COPY_PHASE_STRIP = NO;
				DEBUG_INFORMATION_FORMAT = dwarf;
				ENABLE_STRICT_OBJC_MSGSEND = YES;
				ENABLE_TESTABILITY = YES;
				GCC_C_LANGUAGE_STANDARD = gnu11;
				GCC_DYNAMIC_NO_PIC = NO;
				GCC_NO_COMMON_BLOCKS = YES;
				GCC_OPTIMIZATION_LEVEL = 0;
				GCC_PREPROCESSOR_DEFINITIONS = (
					"DEBUG=1",
					"$(inherited)",
				);
				GCC_WARN_64_TO_32_BIT_CONVERSION = YES;
				GCC_WARN_ABOUT_RETURN_TYPE = YES_ERROR;
				GCC_WARN_UNDECLARED_SELECTOR = YES;
				GCC_WARN_UNINITIALIZED_AUTOS = YES_AGGRESSIVE;
				GCC_WARN_UNUSED_FUNCTION = YES;
				GCC_WARN_UNUSED_VARIABLE = YES;
				IPHONEOS_DEPLOYMENT_TARGET = 11.0;
				MTL_ENABLE_DEBUG_INFO = YES;
				ONLY_ACTIVE_ARCH = YES;
				SDKROOT = iphoneos;
				SWIFT_ACTIVE_COMPILATION_CONDITIONS = DEBUG;
				SWIFT_OPTIMIZATION_LEVEL = "-Onone";
			};
			name = Debug;
		};
		FD2357AB207E49CB000D1C75 /* Release */ = {
			isa = XCBuildConfiguration;
			buildSettings = {
				ALWAYS_SEARCH_USER_PATHS = NO;
				CLANG_ANALYZER_NONNULL = YES;
				CLANG_ANALYZER_NUMBER_OBJECT_CONVERSION = YES_AGGRESSIVE;
				CLANG_CXX_LANGUAGE_STANDARD = "gnu++14";
				CLANG_CXX_LIBRARY = "libc++";
				CLANG_ENABLE_MODULES = YES;
				CLANG_ENABLE_OBJC_ARC = YES;
				CLANG_WARN_BLOCK_CAPTURE_AUTORELEASING = YES;
				CLANG_WARN_BOOL_CONVERSION = YES;
				CLANG_WARN_COMMA = YES;
				CLANG_WARN_CONSTANT_CONVERSION = YES;
				CLANG_WARN_DIRECT_OBJC_ISA_USAGE = YES_ERROR;
				CLANG_WARN_DOCUMENTATION_COMMENTS = YES;
				CLANG_WARN_EMPTY_BODY = YES;
				CLANG_WARN_ENUM_CONVERSION = YES;
				CLANG_WARN_INFINITE_RECURSION = YES;
				CLANG_WARN_INT_CONVERSION = YES;
				CLANG_WARN_NON_LITERAL_NULL_CONVERSION = YES;
				CLANG_WARN_OBJC_LITERAL_CONVERSION = YES;
				CLANG_WARN_OBJC_ROOT_CLASS = YES_ERROR;
				CLANG_WARN_RANGE_LOOP_ANALYSIS = YES;
				CLANG_WARN_STRICT_PROTOTYPES = YES;
				CLANG_WARN_SUSPICIOUS_MOVE = YES;
				CLANG_WARN_UNGUARDED_AVAILABILITY = YES_AGGRESSIVE;
				CLANG_WARN_UNREACHABLE_CODE = YES;
				CLANG_WARN__DUPLICATE_METHOD_MATCH = YES;
				CODE_SIGN_IDENTITY = "iPhone Developer";
				COPY_PHASE_STRIP = NO;
				DEBUG_INFORMATION_FORMAT = "dwarf-with-dsym";
				ENABLE_NS_ASSERTIONS = NO;
				ENABLE_STRICT_OBJC_MSGSEND = YES;
				GCC_C_LANGUAGE_STANDARD = gnu11;
				GCC_NO_COMMON_BLOCKS = YES;
				GCC_WARN_64_TO_32_BIT_CONVERSION = YES;
				GCC_WARN_ABOUT_RETURN_TYPE = YES_ERROR;
				GCC_WARN_UNDECLARED_SELECTOR = YES;
				GCC_WARN_UNINITIALIZED_AUTOS = YES_AGGRESSIVE;
				GCC_WARN_UNUSED_FUNCTION = YES;
				GCC_WARN_UNUSED_VARIABLE = YES;
				IPHONEOS_DEPLOYMENT_TARGET = 11.0;
				MTL_ENABLE_DEBUG_INFO = NO;
				SDKROOT = iphoneos;
				SWIFT_OPTIMIZATION_LEVEL = "-Owholemodule";
				VALIDATE_PRODUCT = YES;
			};
			name = Release;
		};
		FD2357AD207E49CB000D1C75 /* Debug */ = {
			isa = XCBuildConfiguration;
			buildSettings = {
				ASSETCATALOG_COMPILER_APPICON_NAME = AppIcon;
				CODE_SIGN_STYLE = Automatic;
				DEVELOPMENT_TEAM = DZK6T3AW3W;
				INFOPLIST_FILE = SwiftDemo/Info.plist;
				IPHONEOS_DEPLOYMENT_TARGET = 9.0;
				LD_RUNPATH_SEARCH_PATHS = "$(inherited) @executable_path/Frameworks";
				PRODUCT_BUNDLE_IDENTIFIER = "https---github.com-qingfengiOS.SwiftDemo";
				PRODUCT_NAME = "$(TARGET_NAME)";
				SWIFT_VERSION = 4.0;
				TARGETED_DEVICE_FAMILY = "1,2";
			};
			name = Debug;
		};
		FD2357AE207E49CB000D1C75 /* Release */ = {
			isa = XCBuildConfiguration;
			buildSettings = {
				ASSETCATALOG_COMPILER_APPICON_NAME = AppIcon;
				CODE_SIGN_STYLE = Automatic;
				DEVELOPMENT_TEAM = DZK6T3AW3W;
				INFOPLIST_FILE = SwiftDemo/Info.plist;
				IPHONEOS_DEPLOYMENT_TARGET = 9.0;
				LD_RUNPATH_SEARCH_PATHS = "$(inherited) @executable_path/Frameworks";
				PRODUCT_BUNDLE_IDENTIFIER = "https---github.com-qingfengiOS.SwiftDemo";
				PRODUCT_NAME = "$(TARGET_NAME)";
				SWIFT_VERSION = 4.0;
				TARGETED_DEVICE_FAMILY = "1,2";
			};
			name = Release;
		};
		FD2357B0207E49CB000D1C75 /* Debug */ = {
			isa = XCBuildConfiguration;
			buildSettings = {
				ALWAYS_EMBED_SWIFT_STANDARD_LIBRARIES = YES;
				BUNDLE_LOADER = "$(TEST_HOST)";
				CODE_SIGN_STYLE = Automatic;
				INFOPLIST_FILE = SwiftDemoTests/Info.plist;
				LD_RUNPATH_SEARCH_PATHS = "$(inherited) @executable_path/Frameworks @loader_path/Frameworks";
				PRODUCT_BUNDLE_IDENTIFIER = "https---github.com-qingfengiOS.SwiftDemoTests";
				PRODUCT_NAME = "$(TARGET_NAME)";
				SWIFT_VERSION = 4.0;
				TARGETED_DEVICE_FAMILY = "1,2";
				TEST_HOST = "$(BUILT_PRODUCTS_DIR)/SwiftDemo.app/SwiftDemo";
			};
			name = Debug;
		};
		FD2357B1207E49CB000D1C75 /* Release */ = {
			isa = XCBuildConfiguration;
			buildSettings = {
				ALWAYS_EMBED_SWIFT_STANDARD_LIBRARIES = YES;
				BUNDLE_LOADER = "$(TEST_HOST)";
				CODE_SIGN_STYLE = Automatic;
				INFOPLIST_FILE = SwiftDemoTests/Info.plist;
				LD_RUNPATH_SEARCH_PATHS = "$(inherited) @executable_path/Frameworks @loader_path/Frameworks";
				PRODUCT_BUNDLE_IDENTIFIER = "https---github.com-qingfengiOS.SwiftDemoTests";
				PRODUCT_NAME = "$(TARGET_NAME)";
				SWIFT_VERSION = 4.0;
				TARGETED_DEVICE_FAMILY = "1,2";
				TEST_HOST = "$(BUILT_PRODUCTS_DIR)/SwiftDemo.app/SwiftDemo";
			};
			name = Release;
		};
		FD2357B3207E49CB000D1C75 /* Debug */ = {
			isa = XCBuildConfiguration;
			buildSettings = {
				ALWAYS_EMBED_SWIFT_STANDARD_LIBRARIES = YES;
				CODE_SIGN_STYLE = Automatic;
				INFOPLIST_FILE = SwiftDemoUITests/Info.plist;
				LD_RUNPATH_SEARCH_PATHS = "$(inherited) @executable_path/Frameworks @loader_path/Frameworks";
				PRODUCT_BUNDLE_IDENTIFIER = "https---github.com-qingfengiOS.SwiftDemoUITests";
				PRODUCT_NAME = "$(TARGET_NAME)";
				SWIFT_VERSION = 4.0;
				TARGETED_DEVICE_FAMILY = "1,2";
				TEST_TARGET_NAME = SwiftDemo;
			};
			name = Debug;
		};
		FD2357B4207E49CB000D1C75 /* Release */ = {
			isa = XCBuildConfiguration;
			buildSettings = {
				ALWAYS_EMBED_SWIFT_STANDARD_LIBRARIES = YES;
				CODE_SIGN_STYLE = Automatic;
				INFOPLIST_FILE = SwiftDemoUITests/Info.plist;
				LD_RUNPATH_SEARCH_PATHS = "$(inherited) @executable_path/Frameworks @loader_path/Frameworks";
				PRODUCT_BUNDLE_IDENTIFIER = "https---github.com-qingfengiOS.SwiftDemoUITests";
				PRODUCT_NAME = "$(TARGET_NAME)";
				SWIFT_VERSION = 4.0;
				TARGETED_DEVICE_FAMILY = "1,2";
				TEST_TARGET_NAME = SwiftDemo;
			};
			name = Release;
		};
/* End XCBuildConfiguration section */

/* Begin XCConfigurationList section */
		FD23577F207E49CB000D1C75 /* Build configuration list for PBXProject "SwiftDemo" */ = {
			isa = XCConfigurationList;
			buildConfigurations = (
				FD2357AA207E49CB000D1C75 /* Debug */,
				FD2357AB207E49CB000D1C75 /* Release */,
			);
			defaultConfigurationIsVisible = 0;
			defaultConfigurationName = Release;
		};
		FD2357AC207E49CB000D1C75 /* Build configuration list for PBXNativeTarget "SwiftDemo" */ = {
			isa = XCConfigurationList;
			buildConfigurations = (
				FD2357AD207E49CB000D1C75 /* Debug */,
				FD2357AE207E49CB000D1C75 /* Release */,
			);
			defaultConfigurationIsVisible = 0;
			defaultConfigurationName = Release;
		};
		FD2357AF207E49CB000D1C75 /* Build configuration list for PBXNativeTarget "SwiftDemoTests" */ = {
			isa = XCConfigurationList;
			buildConfigurations = (
				FD2357B0207E49CB000D1C75 /* Debug */,
				FD2357B1207E49CB000D1C75 /* Release */,
			);
			defaultConfigurationIsVisible = 0;
			defaultConfigurationName = Release;
		};
		FD2357B2207E49CB000D1C75 /* Build configuration list for PBXNativeTarget "SwiftDemoUITests" */ = {
			isa = XCConfigurationList;
			buildConfigurations = (
				FD2357B3207E49CB000D1C75 /* Debug */,
				FD2357B4207E49CB000D1C75 /* Release */,
			);
			defaultConfigurationIsVisible = 0;
			defaultConfigurationName = Release;
		};
/* End XCConfigurationList section */
	};
	rootObject = FD23577C207E49CB000D1C75 /* Project object */;
}
